
Microsoft Visual Studio Solution File, Format Version 12.00
# Visual Studio Version 17
VisualStudioVersion = 17.7.34202.233
MinimumVisualStudioVersion = 10.0.40219.1
Project("{FAE04EC0-301F-11D3-BF4B-00C04F79EFBC}") = "SeleniumEx", "SeleniumEx\SeleniumEx.csproj", "{36FC3F72-0A3A-42E5-8BCC-F4C380D89C2E}"
EndProject
Project("{FAE04EC0-301F-11D3-BF4B-00C04F79EFBC}") = "SELNunitExample", "SELNunitExample\SELNunitExample.csproj", "{836E7985-8305-48CA-BF43-389A8C0BDECB}"
EndProject
Global
	GlobalSection(SolutionConfigurationPlatforms) = preSolution
		Debug|Any CPU = Debug|Any CPU
		Release|Any CPU = Release|Any CPU
	EndGlobalSection
	GlobalSection(ProjectConfigurationPlatforms) = postSolution
		{36FC3F72-0A3A-42E5-8BCC-F4C380D89C2E}.Debug|Any CPU.ActiveCfg = Debug|Any CPU
		{36FC3F72-0A3A-42E5-8BCC-F4C380D89C2E}.Debug|Any CPU.Build.0 = Debug|Any CPU
		{36FC3F72-0A3A-42E5-8BCC-F4C380D89C2E}.Release|Any CPU.ActiveCfg = Release|Any CPU
		{36FC3F72-0A3A-42E5-8BCC-F4C380D89C2E}.Release|Any CPU.Build.0 = Release|Any CPU
		{836E7985-8305-48CA-BF43-389A8C0BDECB}.Debug|Any CPU.ActiveCfg = Debug|Any CPU
		{836E7985-8305-48CA-BF43-389A8C0BDECB}.Debug|Any CPU.Build.0 = Debug|Any CPU
		{836E7985-8305-48CA-BF43-389A8C0BDECB}.Release|Any CPU.ActiveCfg = Release|Any CPU
		{836E7985-8305-48CA-BF43-389A8C0BDECB}.Release|Any CPU.Build.0 = Release|Any CPU
	EndGlobalSection
	GlobalSection(SolutionProperties) = preSolution
		HideSolutionNode = FALSE
	EndGlobalSection
	GlobalSection(ExtensibilityGlobals) = postSolution
		SolutionGuid = {F71599EE-75F7-4A8E-A1E9-700493380CD8}
	EndGlobalSection
EndGlobal
